
Microsoft Visual Studio Solution File, Format Version 12.00
# Visual Studio Version 16
VisualStudioVersion = 16.0.33130.400
MinimumVisualStudioVersion = 10.0.40219.1
Project("{FAE04EC0-301F-11D3-BF4B-00C04F79EFBC}") = "ProjetoCurso01", "ProjetoCurso01.csproj", "{B38C300D-5ED1-4FBD-9E61-8E816E038468}"
EndProject
Global
	GlobalSection(SolutionConfigurationPlatforms) = preSolution
		Debug|Any CPU = Debug|Any CPU
		Release|Any CPU = Release|Any CPU
	EndGlobalSection
	GlobalSection(ProjectConfigurationPlatforms) = postSolution
		{B38C300D-5ED1-4FBD-9E61-8E816E038468}.Debug|Any CPU.ActiveCfg = Debug|Any CPU
		{B38C300D-5ED1-4FBD-9E61-8E816E038468}.Debug|Any CPU.Build.0 = Debug|Any CPU
		{B38C300D-5ED1-4FBD-9E61-8E816E038468}.Release|Any CPU.ActiveCfg = Release|Any CPU
		{B38C300D-5ED1-4FBD-9E61-8E816E038468}.Release|Any CPU.Build.0 = Release|Any CPU
	EndGlobalSection
	GlobalSection(SolutionProperties) = preSolution
		HideSolutionNode = FALSE
	EndGlobalSection
	GlobalSection(ExtensibilityGlobals) = postSolution
		SolutionGuid = {0471C1F9-3DEC-4125-83B6-97AE438A5979}
	EndGlobalSection
EndGlobal
